
Microsoft Visual Studio Solution File, Format Version 12.00
# Visual Studio 15
VisualStudioVersion = 15.0.28307.329
MinimumVisualStudioVersion = 10.0.40219.1
Project("{FAE04EC0-301F-11D3-BF4B-00C04F79EFBC}") = "Build-Test-Package-Deploy", "Build-Test-Package-Deploy\Build-Test-Package-Deploy.csproj", "{B179D9B3-116B-4A28-BD55-7AA113437F80}"
EndProject
Project("{FAE04EC0-301F-11D3-BF4B-00C04F79EFBC}") = "Build-Test-Package-Deploy.Tests", "Build-Test-Package-Deploy.Tests\Build-Test-Package-Deploy.Tests.csproj", "{BEB2FB16-BF07-4BC3-878B-2D2377D2CC73}"
EndProject
Global
	GlobalSection(SolutionConfigurationPlatforms) = preSolution
		Debug|Any CPU = Debug|Any CPU
		Release|Any CPU = Release|Any CPU
	EndGlobalSection
	GlobalSection(ProjectConfigurationPlatforms) = postSolution
		{B179D9B3-116B-4A28-BD55-7AA113437F80}.Debug|Any CPU.ActiveCfg = Debug|Any CPU
		{B179D9B3-116B-4A28-BD55-7AA113437F80}.Debug|Any CPU.Build.0 = Debug|Any CPU
		{B179D9B3-116B-4A28-BD55-7AA113437F80}.Release|Any CPU.ActiveCfg = Release|Any CPU
		{B179D9B3-116B-4A28-BD55-7AA113437F80}.Release|Any CPU.Build.0 = Release|Any CPU
		{BEB2FB16-BF07-4BC3-878B-2D2377D2CC73}.Debug|Any CPU.ActiveCfg = Debug|Any CPU
		{BEB2FB16-BF07-4BC3-878B-2D2377D2CC73}.Debug|Any CPU.Build.0 = Debug|Any CPU
		{BEB2FB16-BF07-4BC3-878B-2D2377D2CC73}.Release|Any CPU.ActiveCfg = Release|Any CPU
		{BEB2FB16-BF07-4BC3-878B-2D2377D2CC73}.Release|Any CPU.Build.0 = Release|Any CPU
	EndGlobalSection
	GlobalSection(SolutionProperties) = preSolution
		HideSolutionNode = FALSE
	EndGlobalSection
	GlobalSection(ExtensibilityGlobals) = postSolution
		SolutionGuid = {66FDBD26-487A-4712-8B76-BAB65F6BC522}
	EndGlobalSection
EndGlobal
